
Microsoft Visual Studio Solution File, Format Version 12.00
# Visual Studio Version 17
VisualStudioVersion = 17.5.002.0
MinimumVisualStudioVersion = 10.0.40219.1
Project("{2150E333-8FDC-42A3-9474-1A3956D46DE8}") = "back", "back", "{E32A63EF-0293-4FF2-989F-6F7EB03C8D43}"
EndProject
Project("{9A19103F-16F7-4668-BE54-9A1E7A4F7556}") = "sistemaBancas", "back\sistemaBancas\sistemaBancas.csproj", "{3ADAFC28-E2FA-4457-9AC9-54895D679256}"
EndProject
Global
	GlobalSection(SolutionConfigurationPlatforms) = preSolution
		Debug|Any CPU = Debug|Any CPU
		Release|Any CPU = Release|Any CPU
	EndGlobalSection
	GlobalSection(ProjectConfigurationPlatforms) = postSolution
		{3ADAFC28-E2FA-4457-9AC9-54895D679256}.Debug|Any CPU.ActiveCfg = Debug|Any CPU
		{3ADAFC28-E2FA-4457-9AC9-54895D679256}.Debug|Any CPU.Build.0 = Debug|Any CPU
		{3ADAFC28-E2FA-4457-9AC9-54895D679256}.Release|Any CPU.ActiveCfg = Release|Any CPU
		{3ADAFC28-E2FA-4457-9AC9-54895D679256}.Release|Any CPU.Build.0 = Release|Any CPU
	EndGlobalSection
	GlobalSection(SolutionProperties) = preSolution
		HideSolutionNode = FALSE
	EndGlobalSection
	GlobalSection(NestedProjects) = preSolution
		{3ADAFC28-E2FA-4457-9AC9-54895D679256} = {E32A63EF-0293-4FF2-989F-6F7EB03C8D43}
	EndGlobalSection
	GlobalSection(ExtensibilityGlobals) = postSolution
		SolutionGuid = {7141527C-5026-4142-8F92-4D8CE50D6528}
	EndGlobalSection
EndGlobal
